
Microsoft Visual Studio Solution File, Format Version 12.00
# Visual Studio Version 16
VisualStudioVersion = 16.0.31105.61
MinimumVisualStudioVersion = 10.0.40219.1
Project("{8BC9CEB8-8B4A-11D0-8D11-00A0C91BC942}") = "只出现一次的数字", "只出现一次的数字.vcxproj", "{6240373B-C12B-460F-A44A-BA0733631E34}"
EndProject
Global
	GlobalSection(SolutionConfigurationPlatforms) = preSolution
		Debug|x64 = Debug|x64
		Debug|x86 = Debug|x86
		Release|x64 = Release|x64
		Release|x86 = Release|x86
	EndGlobalSection
	GlobalSection(ProjectConfigurationPlatforms) = postSolution
		{6240373B-C12B-460F-A44A-BA0733631E34}.Debug|x64.ActiveCfg = Debug|x64
		{6240373B-C12B-460F-A44A-BA0733631E34}.Debug|x64.Build.0 = Debug|x64
		{6240373B-C12B-460F-A44A-BA0733631E34}.Debug|x86.ActiveCfg = Debug|Win32
		{6240373B-C12B-460F-A44A-BA0733631E34}.Debug|x86.Build.0 = Debug|Win32
		{6240373B-C12B-460F-A44A-BA0733631E34}.Release|x64.ActiveCfg = Release|x64
		{6240373B-C12B-460F-A44A-BA0733631E34}.Release|x64.Build.0 = Release|x64
		{6240373B-C12B-460F-A44A-BA0733631E34}.Release|x86.ActiveCfg = Release|Win32
		{6240373B-C12B-460F-A44A-BA0733631E34}.Release|x86.Build.0 = Release|Win32
	EndGlobalSection
	GlobalSection(SolutionProperties) = preSolution
		HideSolutionNode = FALSE
	EndGlobalSection
	GlobalSection(ExtensibilityGlobals) = postSolution
		SolutionGuid = {95C0D8A1-7C83-4DDD-9DC1-8F6819923749}
	EndGlobalSection
EndGlobal
